// !$*UTF8*$!
{
	archiveVersion = 1;
	classes = {
	};
	objectVersion = 50;
	objects = {

/* Begin PBXBuildFile section */
		B87F4D2125C66ACE00B37FC9 /* IntakeApp.swift in Sources */ = {isa = PBXBuildFile; fileRef = B87F4D2025C66ACE00B37FC9 /* IntakeApp.swift */; };
		B87F4D2325C66ACE00B37FC9 /* ContentView.swift in Sources */ = {isa = PBXBuildFile; fileRef = B87F4D2225C66ACE00B37FC9 /* ContentView.swift */; };
		B87F4D2525C66ACF00B37FC9 /* Assets.xcassets in Resources */ = {isa = PBXBuildFile; fileRef = B87F4D2425C66ACF00B37FC9 /* Assets.xcassets */; };
		B87F4D2825C66ACF00B37FC9 /* Preview Assets.xcassets in Resources */ = {isa = PBXBuildFile; fileRef = B87F4D2725C66ACF00B37FC9 /* Preview Assets.xcassets */; };
		B87F4D3125C66C1800B37FC9 /* Data.swift in Sources */ = {isa = PBXBuildFile; fileRef = B87F4D3025C66C1800B37FC9 /* Data.swift */; };
		B87F4D3425C66E7C00B37FC9 /* DataView.swift in Sources */ = {isa = PBXBuildFile; fileRef = B87F4D3325C66E7C00B37FC9 /* DataView.swift */; };
		B87F4D3725C66F1D00B37FC9 /* AddData.swift in Sources */ = {isa = PBXBuildFile; fileRef = B87F4D3625C66F1D00B37FC9 /* AddData.swift */; };
/* End PBXBuildFile section */

/* Begin PBXFileReference section */
		B87F4D1D25C66ACE00B37FC9 /* Intake.app */ = {isa = PBXFileReference; explicitFileType = wrapper.application; includeInIndex = 0; path = Intake.app; sourceTree = BUILT_PRODUCTS_DIR; };
		B87F4D2025C66ACE00B37FC9 /* IntakeApp.swift */ = {isa = PBXFileReference; lastKnownFileType = sourcecode.swift; path = IntakeApp.swift; sourceTree = "<group>"; };
		B87F4D2225C66ACE00B37FC9 /* ContentView.swift */ = {isa = PBXFileReference; lastKnownFileType = sourcecode.swift; path = ContentView.swift; sourceTree = "<group>"; };
		B87F4D2425C66ACF00B37FC9 /* Assets.xcassets */ = {isa = PBXFileReference; lastKnownFileType = folder.assetcatalog; path = Assets.xcassets; sourceTree = "<group>"; };
		B87F4D2725C66ACF00B37FC9 /* Preview Assets.xcassets */ = {isa = PBXFileReference; lastKnownFileType = folder.assetcatalog; path = "Preview Assets.xcassets"; sourceTree = "<group>"; };
		B87F4D2925C66ACF00B37FC9 /* Info.plist */ = {isa = PBXFileReference; lastKnownFileType = text.plist.xml; path = Info.plist; sourceTree = "<group>"; };
		B87F4D3025C66C1800B37FC9 /* Data.swift */ = {isa = PBXFileReference; lastKnownFileType = sourcecode.swift; path = Data.swift; sourceTree = "<group>"; };
		B87F4D3325C66E7C00B37FC9 /* DataView.swift */ = {isa = PBXFileReference; lastKnownFileType = sourcecode.swift; path = DataView.swift; sourceTree = "<group>"; };
		B87F4D3625C66F1D00B37FC9 /* AddData.swift */ = {isa = PBXFileReference; lastKnownFileType = sourcecode.swift; path = AddData.swift; sourceTree = "<group>"; };
/* End PBXFileReference section */

/* Begin PBXFrameworksBuildPhase section */
		B87F4D1A25C66ACE00B37FC9 /* Frameworks */ = {
			isa = PBXFrameworksBuildPhase;
			buildActionMask = 2147483647;
			files = (
			);
			runOnlyForDeploymentPostprocessing = 0;
		};
/* End PBXFrameworksBuildPhase section */

/* Begin PBXGroup section */
		B87F4D1425C66ACE00B37FC9 = {
			isa = PBXGroup;
			children = (
				B87F4D1F25C66ACE00B37FC9 /* Intake */,
				B87F4D1E25C66ACE00B37FC9 /* Products */,
			);
			sourceTree = "<group>";
		};
		B87F4D1E25C66ACE00B37FC9 /* Products */ = {
			isa = PBXGroup;
			children = (
				B87F4D1D25C66ACE00B37FC9 /* Intake.app */,
			);
			name = Products;
			sourceTree = "<group>";
		};
		B87F4D1F25C66ACE00B37FC9 /* Intake */ = {
			isa = PBXGroup;
			children = (
				B87F4D2025C66ACE00B37FC9 /* IntakeApp.swift */,
				B87F4D2225C66ACE00B37FC9 /* ContentView.swift */,
				B87F4D3325C66E7C00B37FC9 /* DataView.swift */,
				B87F4D3625C66F1D00B37FC9 /* AddData.swift */,
				B87F4D3025C66C1800B37FC9 /* Data.swift */,
				B87F4D2425C66ACF00B37FC9 /* Assets.xcassets */,
				B87F4D2925C66ACF00B37FC9 /* Info.plist */,
				B87F4D2625C66ACF00B37FC9 /* Preview Content */,
			);
			path = Intake;
			sourceTree = "<group>";
		};
		B87F4D2625C66ACF00B37FC9 /* Preview Content */ = {
			isa = PBXGroup;
			children = (
				B87F4D2725C66ACF00B37FC9 /* Preview Assets.xcassets */,
			);
			path = "Preview Content";
			sourceTree = "<group>";
		};
/* End PBXGroup section */

/* Begin PBXNativeTarget section */
		B87F4D1C25C66ACE00B37FC9 /* Intake */ = {
			isa = PBXNativeTarget;
			buildConfigurationList = B87F4D2C25C66ACF00B37FC9 /* Build configuration list for PBXNativeTarget "Intake" */;
			buildPhases = (
				B87F4D1925C66ACE00B37FC9 /* Sources */,
				B87F4D1A25C66ACE00B37FC9 /* Frameworks */,
				B87F4D1B25C66ACE00B37FC9 /* Resources */,
			);
			buildRules = (
			);
			dependencies = (
			);
			name = Intake;
			productName = Intake;
			productReference = B87F4D1D25C66ACE00B37FC9 /* Intake.app */;
			productType = "com.apple.product-type.application";
		};
/* End PBXNativeTarget section */

/* Begin PBXProject section */
		B87F4D1525C66ACE00B37FC9 /* Project object */ = {
			isa = PBXProject;
			attributes = {
				LastSwiftUpdateCheck = 1240;
				LastUpgradeCheck = 1240;
				TargetAttributes = {
					B87F4D1C25C66ACE00B37FC9 = {
						CreatedOnToolsVersion = 12.4;
					};
				};
			};
			buildConfigurationList = B87F4D1825C66ACE00B37FC9 /* Build configuration list for PBXProject "Intake" */;
			compatibilityVersion = "Xcode 9.3";
			developmentRegion = en;
			hasScannedForEncodings = 0;
			knownRegions = (
				en,
				Base,
			);
			mainGroup = B87F4D1425C66ACE00B37FC9;
			productRefGroup = B87F4D1E25C66ACE00B37FC9 /* Products */;
			projectDirPath = "";
			projectRoot = "";
			targets = (
				B87F4D1C25C66ACE00B37FC9 /* Intake */,
			);
		};
/* End PBXProject section */

/* Begin PBXResourcesBuildPhase section */
		B87F4D1B25C66ACE00B37FC9 /* Resources */ = {
			isa = PBXResourcesBuildPhase;
			buildActionMask = 2147483647;
			files = (
				B87F4D2825C66ACF00B37FC9 /* Preview Assets.xcassets in Resources */,
				B87F4D2525C66ACF00B37FC9 /* Assets.xcassets in Resources */,
			);
			runOnlyForDeploymentPostprocessing = 0;
		};
/* End PBXResourcesBuildPhase section */

/* Begin PBXSourcesBuildPhase section */
		B87F4D1925C66ACE00B37FC9 /* Sources */ = {
			isa = PBXSourcesBuildPhase;
			buildActionMask = 2147483647;
			files = (
				B87F4D2325C66ACE00B37FC9 /* ContentView.swift in Sources */,
				B87F4D3125C66C1800B37FC9 /* Data.swift in Sources */,
				B87F4D3725C66F1D00B37FC9 /* AddData.swift in Sources */,
				B87F4D3425C66E7C00B37FC9 /* DataView.swift in Sources */,
				B87F4D2125C66ACE00B37FC9 /* IntakeApp.swift in Sources */,
			);
			runOnlyForDeploymentPostprocessing = 0;
		};
/* End PBXSourcesBuildPhase section */

/* Begin XCBuildConfiguration section */
		B87F4D2A25C66ACF00B37FC9 /* Debug */ = {
			isa = XCBuildConfiguration;
			buildSettings = {
				ALWAYS_SEARCH_USER_PATHS = NO;
				CLANG_ANALYZER_NONNULL = YES;
				CLANG_ANALYZER_NUMBER_OBJECT_CONVERSION = YES_AGGRESSIVE;
				CLANG_CXX_LANGUAGE_STANDARD = "gnu++14";
				CLANG_CXX_LIBRARY = "libc++";
				CLANG_ENABLE_MODULES = YES;
				CLANG_ENABLE_OBJC_ARC = YES;
				CLANG_ENABLE_OBJC_WEAK = YES;
				CLANG_WARN_BLOCK_CAPTURE_AUTORELEASING = YES;
				CLANG_WARN_BOOL_CONVERSION = YES;
				CLANG_WARN_COMMA = YES;
				CLANG_WARN_CONSTANT_CONVERSION = YES;
				CLANG_WARN_DEPRECATED_OBJC_IMPLEMENTATIONS = YES;
				CLANG_WARN_DIRECT_OBJC_ISA_USAGE = YES_ERROR;
				CLANG_WARN_DOCUMENTATION_COMMENTS = YES;
				CLANG_WARN_EMPTY_BODY = YES;
				CLANG_WARN_ENUM_CONVERSION = YES;
				CLANG_WARN_INFINITE_RECURSION = YES;
				CLANG_WARN_INT_CONVERSION = YES;
				CLANG_WARN_NON_LITERAL_NULL_CONVERSION = YES;
				CLANG_WARN_OBJC_IMPLICIT_RETAIN_SELF = YES;
				CLANG_WARN_OBJC_LITERAL_CONVERSION = YES;
				CLANG_WARN_OBJC_ROOT_CLASS = YES_ERROR;
				CLANG_WARN_QUOTED_INCLUDE_IN_FRAMEWORK_HEADER = YES;
				CLANG_WARN_RANGE_LOOP_ANALYSIS = YES;
				CLANG_WARN_STRICT_PROTOTYPES = YES;
				CLANG_WARN_SUSPICIOUS_MOVE = YES;
				CLANG_WARN_UNGUARDED_AVAILABILITY = YES_AGGRESSIVE;
				CLANG_WARN_UNREACHABLE_CODE = YES;
				CLANG_WARN__DUPLICATE_METHOD_MATCH = YES;
				COPY_PHASE_STRIP = NO;
				DEBUG_INFORMATION_FORMAT = dwarf;
				ENABLE_STRICT_OBJC_MSGSEND = YES;
				ENABLE_TESTABILITY = YES;
				GCC_C_LANGUAGE_STANDARD = gnu11;
				GCC_DYNAMIC_NO_PIC = NO;
				GCC_NO_COMMON_BLOCKS = YES;
				GCC_OPTIMIZATION_LEVEL = 0;
				GCC_PREPROCESSOR_DEFINITIONS = (
					"DEBUG=1",
					"$(inherited)",
				);
				GCC_WARN_64_TO_32_BIT_CONVERSION = YES;
				GCC_WARN_ABOUT_RETURN_TYPE = YES_ERROR;
				GCC_WARN_UNDECLARED_SELECTOR = YES;
				GCC_WARN_UNINITIALIZED_AUTOS = YES_AGGRESSIVE;
				GCC_WARN_UNUSED_FUNCTION = YES;
				GCC_WARN_UNUSED_VARIABLE = YES;
				IPHONEOS_DEPLOYMENT_TARGET = 14.4;
				MTL_ENABLE_DEBUG_INFO = INCLUDE_SOURCE;
				MTL_FAST_MATH = YES;
				ONLY_ACTIVE_ARCH = YES;
				SDKROOT = iphoneos;
				SWIFT_ACTIVE_COMPILATION_CONDITIONS = DEBUG;
				SWIFT_OPTIMIZATION_LEVEL = "-Onone";
			};
			name = Debug;
		};
		B87F4D2B25C66ACF00B37FC9 /* Release */ = {
			isa = XCBuildConfiguration;
			buildSettings = {
				ALWAYS_SEARCH_USER_PATHS = NO;
				CLANG_ANALYZER_NONNULL = YES;
				CLANG_ANALYZER_NUMBER_OBJECT_CONVERSION = YES_AGGRESSIVE;
				CLANG_CXX_LANGUAGE_STANDARD = "gnu++14";
				CLANG_CXX_LIBRARY = "libc++";
				CLANG_ENABLE_MODULES = YES;
				CLANG_ENABLE_OBJC_ARC = YES;
				CLANG_ENABLE_OBJC_WEAK = YES;
				CLANG_WARN_BLOCK_CAPTURE_AUTORELEASING = YES;
				CLANG_WARN_BOOL_CONVERSION = YES;
				CLANG_WARN_COMMA = YES;
				CLANG_WARN_CONSTANT_CONVERSION = YES;
				CLANG_WARN_DEPRECATED_OBJC_IMPLEMENTATIONS = YES;
				CLANG_WARN_DIRECT_OBJC_ISA_USAGE = YES_ERROR;
				CLANG_WARN_DOCUMENTATION_COMMENTS = YES;
				CLANG_WARN_EMPTY_BODY = YES;
				CLANG_WARN_ENUM_CONVERSION = YES;
				CLANG_WARN_INFINITE_RECURSION = YES;
				CLANG_WARN_INT_CONVERSION = YES;
				CLANG_WARN_NON_LITERAL_NULL_CONVERSION = YES;
				CLANG_WARN_OBJC_IMPLICIT_RETAIN_SELF = YES;
				CLANG_WARN_OBJC_LITERAL_CONVERSION = YES;
				CLANG_WARN_OBJC_ROOT_CLASS = YES_ERROR;
				CLANG_WARN_QUOTED_INCLUDE_IN_FRAMEWORK_HEADER = YES;
				CLANG_WARN_RANGE_LOOP_ANALYSIS = YES;
				CLANG_WARN_STRICT_PROTOTYPES = YES;
				CLANG_WARN_SUSPICIOUS_MOVE = YES;
				CLANG_WARN_UNGUARDED_AVAILABILITY = YES_AGGRESSIVE;
				CLANG_WARN_UNREACHABLE_CODE = YES;
				CLANG_WARN__DUPLICATE_METHOD_MATCH = YES;
				COPY_PHASE_STRIP = NO;
				DEBUG_INFORMATION_FORMAT = "dwarf-with-dsym";
				ENABLE_NS_ASSERTIONS = NO;
				ENABLE_STRICT_OBJC_MSGSEND = YES;
				GCC_C_LANGUAGE_STANDARD = gnu11;
				GCC_NO_COMMON_BLOCKS = YES;
				GCC_WARN_64_TO_32_BIT_CONVERSION = YES;
				GCC_WARN_ABOUT_RETURN_TYPE = YES_ERROR;
				GCC_WARN_UNDECLARED_SELECTOR = YES;
				GCC_WARN_UNINITIALIZED_AUTOS = YES_AGGRESSIVE;
				GCC_WARN_UNUSED_FUNCTION = YES;
				GCC_WARN_UNUSED_VARIABLE = YES;
				IPHONEOS_DEPLOYMENT_TARGET = 14.4;
				MTL_ENABLE_DEBUG_INFO = NO;
				MTL_FAST_MATH = YES;
				SDKROOT = iphoneos;
				SWIFT_COMPILATION_MODE = wholemodule;
				SWIFT_OPTIMIZATION_LEVEL = "-O";
				VALIDATE_PRODUCT = YES;
			};
			name = Release;
		};
		B87F4D2D25C66ACF00B37FC9 /* Debug */ = {
			isa = XCBuildConfiguration;
			buildSettings = {
				ASSETCATALOG_COMPILER_APPICON_NAME = AppIcon;
				ASSETCATALOG_COMPILER_GLOBAL_ACCENT_COLOR_NAME = AccentColor;
				CODE_SIGN_STYLE = Automatic;
				DEVELOPMENT_ASSET_PATHS = "\"Intake/Preview Content\"";
				DEVELOPMENT_TEAM = Y2ZCB493XX;
				ENABLE_PREVIEWS = YES;
				INFOPLIST_FILE = Intake/Info.plist;
				IPHONEOS_DEPLOYMENT_TARGET = 14.3;
				LD_RUNPATH_SEARCH_PATHS = (
					"$(inherited)",
					"@executable_path/Frameworks",
				);
				PRODUCT_BUNDLE_IDENTIFIER = Pedro.corp.Intake;
				PRODUCT_NAME = "$(TARGET_NAME)";
				SWIFT_VERSION = 5.0;
				TARGETED_DEVICE_FAMILY = 1;
			};
			name = Debug;
		};
		B87F4D2E25C66ACF00B37FC9 /* Release */ = {
			isa = XCBuildConfiguration;
			buildSettings = {
				ASSETCATALOG_COMPILER_APPICON_NAME = AppIcon;
				ASSETCATALOG_COMPILER_GLOBAL_ACCENT_COLOR_NAME = AccentColor;
				CODE_SIGN_STYLE = Automatic;
				DEVELOPMENT_ASSET_PATHS = "\"Intake/Preview Content\"";
				DEVELOPMENT_TEAM = Y2ZCB493XX;
				ENABLE_PREVIEWS = YES;
				INFOPLIST_FILE = Intake/Info.plist;
				IPHONEOS_DEPLOYMENT_TARGET = 14.3;
				LD_RUNPATH_SEARCH_PATHS = (
					"$(inherited)",
					"@executable_path/Frameworks",
				);
				PRODUCT_BUNDLE_IDENTIFIER = Pedro.corp.Intake;
				PRODUCT_NAME = "$(TARGET_NAME)";
				SWIFT_VERSION = 5.0;
				TARGETED_DEVICE_FAMILY = 1;
			};
			name = Release;
		};
/* End XCBuildConfiguration section */

/* Begin XCConfigurationList section */
		B87F4D1825C66ACE00B37FC9 /* Build configuration list for PBXProject "Intake" */ = {
			isa = XCConfigurationList;
			buildConfigurations = (
				B87F4D2A25C66ACF00B37FC9 /* Debug */,
				B87F4D2B25C66ACF00B37FC9 /* Release */,
			);
			defaultConfigurationIsVisible = 0;
			defaultConfigurationName = Release;
		};
		B87F4D2C25C66ACF00B37FC9 /* Build configuration list for PBXNativeTarget "Intake" */ = {
			isa = XCConfigurationList;
			buildConfigurations = (
				B87F4D2D25C66ACF00B37FC9 /* Debug */,
				B87F4D2E25C66ACF00B37FC9 /* Release */,
			);
			defaultConfigurationIsVisible = 0;
			defaultConfigurationName = Release;
		};
/* End XCConfigurationList section */
	};
	rootObject = B87F4D1525C66ACE00B37FC9 /* Project object */;
}
