// !$*UTF8*$!
{
	archiveVersion = 1;
	classes = {
	};
	objectVersion = 52;
	objects = {

/* Begin PBXBuildFile section */
		B829378325B9CACE00C43952 /* ListView.swift in Sources */ = {isa = PBXBuildFile; fileRef = B829378225B9CACE00C43952 /* ListView.swift */; };
		B829378625B9D02F00C43952 /* DetailView.swift in Sources */ = {isa = PBXBuildFile; fileRef = B829378525B9D02F00C43952 /* DetailView.swift */; };
		B889874225B953F6006C59BB /* AnimeAppApp.swift in Sources */ = {isa = PBXBuildFile; fileRef = B889874125B953F6006C59BB /* AnimeAppApp.swift */; };
		B889874425B953F6006C59BB /* ContentView.swift in Sources */ = {isa = PBXBuildFile; fileRef = B889874325B953F6006C59BB /* ContentView.swift */; };
		B889874625B953F6006C59BB /* Assets.xcassets in Resources */ = {isa = PBXBuildFile; fileRef = B889874525B953F6006C59BB /* Assets.xcassets */; };
		B889874925B953F6006C59BB /* Preview Assets.xcassets in Resources */ = {isa = PBXBuildFile; fileRef = B889874825B953F6006C59BB /* Preview Assets.xcassets */; };
		B889875325B95462006C59BB /* SDWebImageSwiftUI in Frameworks */ = {isa = PBXBuildFile; productRef = B889875225B95462006C59BB /* SDWebImageSwiftUI */; };
		B889875625B9546E006C59BB /* GetData.swift in Sources */ = {isa = PBXBuildFile; fileRef = B889875525B9546E006C59BB /* GetData.swift */; };
		B889875C25B95CF3006C59BB /* SwiftyJSON in Frameworks */ = {isa = PBXBuildFile; productRef = B889875B25B95CF3006C59BB /* SwiftyJSON */; };
		B8D983E325BCF47500B3173E /* WebView.swift in Sources */ = {isa = PBXBuildFile; fileRef = B8D983E225BCF47500B3173E /* WebView.swift */; };
/* End PBXBuildFile section */

/* Begin PBXFileReference section */
		B829378225B9CACE00C43952 /* ListView.swift */ = {isa = PBXFileReference; lastKnownFileType = sourcecode.swift; path = ListView.swift; sourceTree = "<group>"; };
		B829378525B9D02F00C43952 /* DetailView.swift */ = {isa = PBXFileReference; lastKnownFileType = sourcecode.swift; path = DetailView.swift; sourceTree = "<group>"; };
		B889873E25B953F6006C59BB /* AnimeApp.app */ = {isa = PBXFileReference; explicitFileType = wrapper.application; includeInIndex = 0; path = AnimeApp.app; sourceTree = BUILT_PRODUCTS_DIR; };
		B889874125B953F6006C59BB /* AnimeAppApp.swift */ = {isa = PBXFileReference; lastKnownFileType = sourcecode.swift; path = AnimeAppApp.swift; sourceTree = "<group>"; };
		B889874325B953F6006C59BB /* ContentView.swift */ = {isa = PBXFileReference; lastKnownFileType = sourcecode.swift; path = ContentView.swift; sourceTree = "<group>"; };
		B889874525B953F6006C59BB /* Assets.xcassets */ = {isa = PBXFileReference; lastKnownFileType = folder.assetcatalog; path = Assets.xcassets; sourceTree = "<group>"; };
		B889874825B953F6006C59BB /* Preview Assets.xcassets */ = {isa = PBXFileReference; lastKnownFileType = folder.assetcatalog; path = "Preview Assets.xcassets"; sourceTree = "<group>"; };
		B889874A25B953F6006C59BB /* Info.plist */ = {isa = PBXFileReference; lastKnownFileType = text.plist.xml; path = Info.plist; sourceTree = "<group>"; };
		B889875525B9546E006C59BB /* GetData.swift */ = {isa = PBXFileReference; lastKnownFileType = sourcecode.swift; path = GetData.swift; sourceTree = "<group>"; };
		B8D983E225BCF47500B3173E /* WebView.swift */ = {isa = PBXFileReference; lastKnownFileType = sourcecode.swift; path = WebView.swift; sourceTree = "<group>"; };
/* End PBXFileReference section */

/* Begin PBXFrameworksBuildPhase section */
		B889873B25B953F6006C59BB /* Frameworks */ = {
			isa = PBXFrameworksBuildPhase;
			buildActionMask = 2147483647;
			files = (
				B889875C25B95CF3006C59BB /* SwiftyJSON in Frameworks */,
				B889875325B95462006C59BB /* SDWebImageSwiftUI in Frameworks */,
			);
			runOnlyForDeploymentPostprocessing = 0;
		};
/* End PBXFrameworksBuildPhase section */

/* Begin PBXGroup section */
		B889873525B953F6006C59BB = {
			isa = PBXGroup;
			children = (
				B889874025B953F6006C59BB /* AnimeApp */,
				B889873F25B953F6006C59BB /* Products */,
			);
			sourceTree = "<group>";
		};
		B889873F25B953F6006C59BB /* Products */ = {
			isa = PBXGroup;
			children = (
				B889873E25B953F6006C59BB /* AnimeApp.app */,
			);
			name = Products;
			sourceTree = "<group>";
		};
		B889874025B953F6006C59BB /* AnimeApp */ = {
			isa = PBXGroup;
			children = (
				B8D983E225BCF47500B3173E /* WebView.swift */,
				B889874125B953F6006C59BB /* AnimeAppApp.swift */,
				B889874325B953F6006C59BB /* ContentView.swift */,
				B829378525B9D02F00C43952 /* DetailView.swift */,
				B829378225B9CACE00C43952 /* ListView.swift */,
				B889874525B953F6006C59BB /* Assets.xcassets */,
				B889874A25B953F6006C59BB /* Info.plist */,
				B889874725B953F6006C59BB /* Preview Content */,
				B889875525B9546E006C59BB /* GetData.swift */,
			);
			path = AnimeApp;
			sourceTree = "<group>";
		};
		B889874725B953F6006C59BB /* Preview Content */ = {
			isa = PBXGroup;
			children = (
				B889874825B953F6006C59BB /* Preview Assets.xcassets */,
			);
			path = "Preview Content";
			sourceTree = "<group>";
		};
/* End PBXGroup section */

/* Begin PBXNativeTarget section */
		B889873D25B953F6006C59BB /* AnimeApp */ = {
			isa = PBXNativeTarget;
			buildConfigurationList = B889874D25B953F7006C59BB /* Build configuration list for PBXNativeTarget "AnimeApp" */;
			buildPhases = (
				B889873A25B953F6006C59BB /* Sources */,
				B889873B25B953F6006C59BB /* Frameworks */,
				B889873C25B953F6006C59BB /* Resources */,
			);
			buildRules = (
			);
			dependencies = (
			);
			name = AnimeApp;
			packageProductDependencies = (
				B889875225B95462006C59BB /* SDWebImageSwiftUI */,
				B889875B25B95CF3006C59BB /* SwiftyJSON */,
			);
			productName = AnimeApp;
			productReference = B889873E25B953F6006C59BB /* AnimeApp.app */;
			productType = "com.apple.product-type.application";
		};
/* End PBXNativeTarget section */

/* Begin PBXProject section */
		B889873625B953F6006C59BB /* Project object */ = {
			isa = PBXProject;
			attributes = {
				LastSwiftUpdateCheck = 1230;
				LastUpgradeCheck = 1230;
				TargetAttributes = {
					B889873D25B953F6006C59BB = {
						CreatedOnToolsVersion = 12.3;
					};
				};
			};
			buildConfigurationList = B889873925B953F6006C59BB /* Build configuration list for PBXProject "AnimeApp" */;
			compatibilityVersion = "Xcode 9.3";
			developmentRegion = en;
			hasScannedForEncodings = 0;
			knownRegions = (
				en,
				Base,
			);
			mainGroup = B889873525B953F6006C59BB;
			packageReferences = (
				B889875125B95462006C59BB /* XCRemoteSwiftPackageReference "SDWebImageSwiftUI" */,
				B889875A25B95CF3006C59BB /* XCRemoteSwiftPackageReference "SwiftyJSON" */,
			);
			productRefGroup = B889873F25B953F6006C59BB /* Products */;
			projectDirPath = "";
			projectRoot = "";
			targets = (
				B889873D25B953F6006C59BB /* AnimeApp */,
			);
		};
/* End PBXProject section */

/* Begin PBXResourcesBuildPhase section */
		B889873C25B953F6006C59BB /* Resources */ = {
			isa = PBXResourcesBuildPhase;
			buildActionMask = 2147483647;
			files = (
				B889874925B953F6006C59BB /* Preview Assets.xcassets in Resources */,
				B889874625B953F6006C59BB /* Assets.xcassets in Resources */,
			);
			runOnlyForDeploymentPostprocessing = 0;
		};
/* End PBXResourcesBuildPhase section */

/* Begin PBXSourcesBuildPhase section */
		B889873A25B953F6006C59BB /* Sources */ = {
			isa = PBXSourcesBuildPhase;
			buildActionMask = 2147483647;
			files = (
				B829378325B9CACE00C43952 /* ListView.swift in Sources */,
				B889874425B953F6006C59BB /* ContentView.swift in Sources */,
				B889874225B953F6006C59BB /* AnimeAppApp.swift in Sources */,
				B829378625B9D02F00C43952 /* DetailView.swift in Sources */,
				B889875625B9546E006C59BB /* GetData.swift in Sources */,
				B8D983E325BCF47500B3173E /* WebView.swift in Sources */,
			);
			runOnlyForDeploymentPostprocessing = 0;
		};
/* End PBXSourcesBuildPhase section */

/* Begin XCBuildConfiguration section */
		B889874B25B953F6006C59BB /* Debug */ = {
			isa = XCBuildConfiguration;
			buildSettings = {
				ALWAYS_SEARCH_USER_PATHS = NO;
				CLANG_ANALYZER_NONNULL = YES;
				CLANG_ANALYZER_NUMBER_OBJECT_CONVERSION = YES_AGGRESSIVE;
				CLANG_CXX_LANGUAGE_STANDARD = "gnu++14";
				CLANG_CXX_LIBRARY = "libc++";
				CLANG_ENABLE_MODULES = YES;
				CLANG_ENABLE_OBJC_ARC = YES;
				CLANG_ENABLE_OBJC_WEAK = YES;
				CLANG_WARN_BLOCK_CAPTURE_AUTORELEASING = YES;
				CLANG_WARN_BOOL_CONVERSION = YES;
				CLANG_WARN_COMMA = YES;
				CLANG_WARN_CONSTANT_CONVERSION = YES;
				CLANG_WARN_DEPRECATED_OBJC_IMPLEMENTATIONS = YES;
				CLANG_WARN_DIRECT_OBJC_ISA_USAGE = YES_ERROR;
				CLANG_WARN_DOCUMENTATION_COMMENTS = YES;
				CLANG_WARN_EMPTY_BODY = YES;
				CLANG_WARN_ENUM_CONVERSION = YES;
				CLANG_WARN_INFINITE_RECURSION = YES;
				CLANG_WARN_INT_CONVERSION = YES;
				CLANG_WARN_NON_LITERAL_NULL_CONVERSION = YES;
				CLANG_WARN_OBJC_IMPLICIT_RETAIN_SELF = YES;
				CLANG_WARN_OBJC_LITERAL_CONVERSION = YES;
				CLANG_WARN_OBJC_ROOT_CLASS = YES_ERROR;
				CLANG_WARN_QUOTED_INCLUDE_IN_FRAMEWORK_HEADER = YES;
				CLANG_WARN_RANGE_LOOP_ANALYSIS = YES;
				CLANG_WARN_STRICT_PROTOTYPES = YES;
				CLANG_WARN_SUSPICIOUS_MOVE = YES;
				CLANG_WARN_UNGUARDED_AVAILABILITY = YES_AGGRESSIVE;
				CLANG_WARN_UNREACHABLE_CODE = YES;
				CLANG_WARN__DUPLICATE_METHOD_MATCH = YES;
				COPY_PHASE_STRIP = NO;
				DEBUG_INFORMATION_FORMAT = dwarf;
				ENABLE_STRICT_OBJC_MSGSEND = YES;
				ENABLE_TESTABILITY = YES;
				GCC_C_LANGUAGE_STANDARD = gnu11;
				GCC_DYNAMIC_NO_PIC = NO;
				GCC_NO_COMMON_BLOCKS = YES;
				GCC_OPTIMIZATION_LEVEL = 0;
				GCC_PREPROCESSOR_DEFINITIONS = (
					"DEBUG=1",
					"$(inherited)",
				);
				GCC_WARN_64_TO_32_BIT_CONVERSION = YES;
				GCC_WARN_ABOUT_RETURN_TYPE = YES_ERROR;
				GCC_WARN_UNDECLARED_SELECTOR = YES;
				GCC_WARN_UNINITIALIZED_AUTOS = YES_AGGRESSIVE;
				GCC_WARN_UNUSED_FUNCTION = YES;
				GCC_WARN_UNUSED_VARIABLE = YES;
				IPHONEOS_DEPLOYMENT_TARGET = 14.3;
				MTL_ENABLE_DEBUG_INFO = INCLUDE_SOURCE;
				MTL_FAST_MATH = YES;
				ONLY_ACTIVE_ARCH = YES;
				SDKROOT = iphoneos;
				SWIFT_ACTIVE_COMPILATION_CONDITIONS = DEBUG;
				SWIFT_OPTIMIZATION_LEVEL = "-Onone";
			};
			name = Debug;
		};
		B889874C25B953F6006C59BB /* Release */ = {
			isa = XCBuildConfiguration;
			buildSettings = {
				ALWAYS_SEARCH_USER_PATHS = NO;
				CLANG_ANALYZER_NONNULL = YES;
				CLANG_ANALYZER_NUMBER_OBJECT_CONVERSION = YES_AGGRESSIVE;
				CLANG_CXX_LANGUAGE_STANDARD = "gnu++14";
				CLANG_CXX_LIBRARY = "libc++";
				CLANG_ENABLE_MODULES = YES;
				CLANG_ENABLE_OBJC_ARC = YES;
				CLANG_ENABLE_OBJC_WEAK = YES;
				CLANG_WARN_BLOCK_CAPTURE_AUTORELEASING = YES;
				CLANG_WARN_BOOL_CONVERSION = YES;
				CLANG_WARN_COMMA = YES;
				CLANG_WARN_CONSTANT_CONVERSION = YES;
				CLANG_WARN_DEPRECATED_OBJC_IMPLEMENTATIONS = YES;
				CLANG_WARN_DIRECT_OBJC_ISA_USAGE = YES_ERROR;
				CLANG_WARN_DOCUMENTATION_COMMENTS = YES;
				CLANG_WARN_EMPTY_BODY = YES;
				CLANG_WARN_ENUM_CONVERSION = YES;
				CLANG_WARN_INFINITE_RECURSION = YES;
				CLANG_WARN_INT_CONVERSION = YES;
				CLANG_WARN_NON_LITERAL_NULL_CONVERSION = YES;
				CLANG_WARN_OBJC_IMPLICIT_RETAIN_SELF = YES;
				CLANG_WARN_OBJC_LITERAL_CONVERSION = YES;
				CLANG_WARN_OBJC_ROOT_CLASS = YES_ERROR;
				CLANG_WARN_QUOTED_INCLUDE_IN_FRAMEWORK_HEADER = YES;
				CLANG_WARN_RANGE_LOOP_ANALYSIS = YES;
				CLANG_WARN_STRICT_PROTOTYPES = YES;
				CLANG_WARN_SUSPICIOUS_MOVE = YES;
				CLANG_WARN_UNGUARDED_AVAILABILITY = YES_AGGRESSIVE;
				CLANG_WARN_UNREACHABLE_CODE = YES;
				CLANG_WARN__DUPLICATE_METHOD_MATCH = YES;
				COPY_PHASE_STRIP = NO;
				DEBUG_INFORMATION_FORMAT = "dwarf-with-dsym";
				ENABLE_NS_ASSERTIONS = NO;
				ENABLE_STRICT_OBJC_MSGSEND = YES;
				GCC_C_LANGUAGE_STANDARD = gnu11;
				GCC_NO_COMMON_BLOCKS = YES;
				GCC_WARN_64_TO_32_BIT_CONVERSION = YES;
				GCC_WARN_ABOUT_RETURN_TYPE = YES_ERROR;
				GCC_WARN_UNDECLARED_SELECTOR = YES;
				GCC_WARN_UNINITIALIZED_AUTOS = YES_AGGRESSIVE;
				GCC_WARN_UNUSED_FUNCTION = YES;
				GCC_WARN_UNUSED_VARIABLE = YES;
				IPHONEOS_DEPLOYMENT_TARGET = 14.3;
				MTL_ENABLE_DEBUG_INFO = NO;
				MTL_FAST_MATH = YES;
				SDKROOT = iphoneos;
				SWIFT_COMPILATION_MODE = wholemodule;
				SWIFT_OPTIMIZATION_LEVEL = "-O";
				VALIDATE_PRODUCT = YES;
			};
			name = Release;
		};
		B889874E25B953F7006C59BB /* Debug */ = {
			isa = XCBuildConfiguration;
			buildSettings = {
				ASSETCATALOG_COMPILER_APPICON_NAME = AppIcon;
				ASSETCATALOG_COMPILER_GLOBAL_ACCENT_COLOR_NAME = AccentColor;
				CODE_SIGN_STYLE = Automatic;
				DEVELOPMENT_ASSET_PATHS = "\"AnimeApp/Preview Content\"";
				DEVELOPMENT_TEAM = Y2ZCB493XX;
				ENABLE_PREVIEWS = YES;
				INFOPLIST_FILE = AnimeApp/Info.plist;
				IPHONEOS_DEPLOYMENT_TARGET = 14.0;
				LD_RUNPATH_SEARCH_PATHS = (
					"$(inherited)",
					"@executable_path/Frameworks",
				);
				PRODUCT_BUNDLE_IDENTIFIER = Pedro.corp.AnimeApp;
				PRODUCT_NAME = "$(TARGET_NAME)";
				SWIFT_VERSION = 5.0;
				TARGETED_DEVICE_FAMILY = "1,2";
			};
			name = Debug;
		};
		B889874F25B953F7006C59BB /* Release */ = {
			isa = XCBuildConfiguration;
			buildSettings = {
				ASSETCATALOG_COMPILER_APPICON_NAME = AppIcon;
				ASSETCATALOG_COMPILER_GLOBAL_ACCENT_COLOR_NAME = AccentColor;
				CODE_SIGN_STYLE = Automatic;
				DEVELOPMENT_ASSET_PATHS = "\"AnimeApp/Preview Content\"";
				DEVELOPMENT_TEAM = Y2ZCB493XX;
				ENABLE_PREVIEWS = YES;
				INFOPLIST_FILE = AnimeApp/Info.plist;
				IPHONEOS_DEPLOYMENT_TARGET = 14.0;
				LD_RUNPATH_SEARCH_PATHS = (
					"$(inherited)",
					"@executable_path/Frameworks",
				);
				PRODUCT_BUNDLE_IDENTIFIER = Pedro.corp.AnimeApp;
				PRODUCT_NAME = "$(TARGET_NAME)";
				SWIFT_VERSION = 5.0;
				TARGETED_DEVICE_FAMILY = "1,2";
			};
			name = Release;
		};
/* End XCBuildConfiguration section */

/* Begin XCConfigurationList section */
		B889873925B953F6006C59BB /* Build configuration list for PBXProject "AnimeApp" */ = {
			isa = XCConfigurationList;
			buildConfigurations = (
				B889874B25B953F6006C59BB /* Debug */,
				B889874C25B953F6006C59BB /* Release */,
			);
			defaultConfigurationIsVisible = 0;
			defaultConfigurationName = Release;
		};
		B889874D25B953F7006C59BB /* Build configuration list for PBXNativeTarget "AnimeApp" */ = {
			isa = XCConfigurationList;
			buildConfigurations = (
				B889874E25B953F7006C59BB /* Debug */,
				B889874F25B953F7006C59BB /* Release */,
			);
			defaultConfigurationIsVisible = 0;
			defaultConfigurationName = Release;
		};
/* End XCConfigurationList section */

/* Begin XCRemoteSwiftPackageReference section */
		B889875125B95462006C59BB /* XCRemoteSwiftPackageReference "SDWebImageSwiftUI" */ = {
			isa = XCRemoteSwiftPackageReference;
			repositoryURL = "https://github.com/SDWebImage/SDWebImageSwiftUI.git";
			requirement = {
				kind = upToNextMajorVersion;
				minimumVersion = 1.5.0;
			};
		};
		B889875A25B95CF3006C59BB /* XCRemoteSwiftPackageReference "SwiftyJSON" */ = {
			isa = XCRemoteSwiftPackageReference;
			repositoryURL = "https://github.com/SwiftyJSON/SwiftyJSON.git";
			requirement = {
				kind = upToNextMajorVersion;
				minimumVersion = 5.0.0;
			};
		};
/* End XCRemoteSwiftPackageReference section */

/* Begin XCSwiftPackageProductDependency section */
		B889875225B95462006C59BB /* SDWebImageSwiftUI */ = {
			isa = XCSwiftPackageProductDependency;
			package = B889875125B95462006C59BB /* XCRemoteSwiftPackageReference "SDWebImageSwiftUI" */;
			productName = SDWebImageSwiftUI;
		};
		B889875B25B95CF3006C59BB /* SwiftyJSON */ = {
			isa = XCSwiftPackageProductDependency;
			package = B889875A25B95CF3006C59BB /* XCRemoteSwiftPackageReference "SwiftyJSON" */;
			productName = SwiftyJSON;
		};
/* End XCSwiftPackageProductDependency section */
	};
	rootObject = B889873625B953F6006C59BB /* Project object */;
}
